
Microsoft Visual Studio Solution File, Format Version 12.00
# Visual Studio 14
VisualStudioVersion = 14.0.25420.1
MinimumVisualStudioVersion = 10.0.40219.1
Project("{FAE04EC0-301F-11D3-BF4B-00C04F79EFBC}") = "SnilsGenerator", "SnilsGenerator\SnilsGenerator.csproj", "{303A320D-B294-49D3-B152-FE4DC7C8EE81}"
EndProject
Project("{FAE04EC0-301F-11D3-BF4B-00C04F79EFBC}") = "CreditCardNumberGenerator", "CreditCardNumberGenerator\CreditCardNumberGenerator.csproj", "{595FC174-0ABF-4159-B6D6-4033A557CB36}"
EndProject
Project("{FAE04EC0-301F-11D3-BF4B-00C04F79EFBC}") = "LocalityTypeGenerator", "LocalityTypeGenerator\LocalityTypeGenerator.csproj", "{45DD3714-0D99-4011-934F-060F1767A8AA}"
EndProject
Project("{FAE04EC0-301F-11D3-BF4B-00C04F79EFBC}") = "InnGenerators", "InnGenerator\InnGenerators.csproj", "{5C7F7027-5624-4303-9F1F-E22D43FBC21A}"
EndProject
Project("{FAE04EC0-301F-11D3-BF4B-00C04F79EFBC}") = "OgrnGenerator", "OgrnGenerator\OgrnGenerator.csproj", "{676444F1-1EB5-41F1-A407-0A1513434868}"
EndProject
Project("{FAE04EC0-301F-11D3-BF4B-00C04F79EFBC}") = "KppGenerator", "KppGenerator\KppGenerator.csproj", "{3223FE33-D6CF-42BC-876C-7BA605D3502B}"
EndProject
Project("{FAE04EC0-301F-11D3-BF4B-00C04F79EFBC}") = "CadastreGenerator", "CadastreGenerator\CadastreGenerator.csproj", "{65153439-40B3-4FEA-ABF9-2D9D0799FC24}"
EndProject
Project("{FAE04EC0-301F-11D3-BF4B-00C04F79EFBC}") = "RankGenerator", "RankGenerator\RankGenerator.csproj", "{451533B7-BF7F-4F1C-9925-73279982627B}"
EndProject
Project("{FAE04EC0-301F-11D3-BF4B-00C04F79EFBC}") = "EmailGenerator", "EmailGenerator\EmailGenerator.csproj", "{4D6F2A1E-B259-439E-B8B5-70F6B1B84203}"
EndProject
Global
	GlobalSection(SolutionConfigurationPlatforms) = preSolution
		Debug|Any CPU = Debug|Any CPU
		Debug|x86 = Debug|x86
		Release|Any CPU = Release|Any CPU
		Release|x86 = Release|x86
	EndGlobalSection
	GlobalSection(ProjectConfigurationPlatforms) = postSolution
		{303A320D-B294-49D3-B152-FE4DC7C8EE81}.Debug|Any CPU.ActiveCfg = Debug|Any CPU
		{303A320D-B294-49D3-B152-FE4DC7C8EE81}.Debug|Any CPU.Build.0 = Debug|Any CPU
		{303A320D-B294-49D3-B152-FE4DC7C8EE81}.Debug|x86.ActiveCfg = Debug|Any CPU
		{303A320D-B294-49D3-B152-FE4DC7C8EE81}.Debug|x86.Build.0 = Debug|Any CPU
		{303A320D-B294-49D3-B152-FE4DC7C8EE81}.Release|Any CPU.ActiveCfg = Release|Any CPU
		{303A320D-B294-49D3-B152-FE4DC7C8EE81}.Release|Any CPU.Build.0 = Release|Any CPU
		{303A320D-B294-49D3-B152-FE4DC7C8EE81}.Release|x86.ActiveCfg = Release|Any CPU
		{303A320D-B294-49D3-B152-FE4DC7C8EE81}.Release|x86.Build.0 = Release|Any CPU
		{595FC174-0ABF-4159-B6D6-4033A557CB36}.Debug|Any CPU.ActiveCfg = Debug|Any CPU
		{595FC174-0ABF-4159-B6D6-4033A557CB36}.Debug|Any CPU.Build.0 = Debug|Any CPU
		{595FC174-0ABF-4159-B6D6-4033A557CB36}.Debug|x86.ActiveCfg = Debug|Any CPU
		{595FC174-0ABF-4159-B6D6-4033A557CB36}.Debug|x86.Build.0 = Debug|Any CPU
		{595FC174-0ABF-4159-B6D6-4033A557CB36}.Release|Any CPU.ActiveCfg = Release|Any CPU
		{595FC174-0ABF-4159-B6D6-4033A557CB36}.Release|Any CPU.Build.0 = Release|Any CPU
		{595FC174-0ABF-4159-B6D6-4033A557CB36}.Release|x86.ActiveCfg = Release|Any CPU
		{595FC174-0ABF-4159-B6D6-4033A557CB36}.Release|x86.Build.0 = Release|Any CPU
		{45DD3714-0D99-4011-934F-060F1767A8AA}.Debug|Any CPU.ActiveCfg = Debug|Any CPU
		{45DD3714-0D99-4011-934F-060F1767A8AA}.Debug|Any CPU.Build.0 = Debug|Any CPU
		{45DD3714-0D99-4011-934F-060F1767A8AA}.Debug|x86.ActiveCfg = Debug|Any CPU
		{45DD3714-0D99-4011-934F-060F1767A8AA}.Debug|x86.Build.0 = Debug|Any CPU
		{45DD3714-0D99-4011-934F-060F1767A8AA}.Release|Any CPU.ActiveCfg = Release|Any CPU
		{45DD3714-0D99-4011-934F-060F1767A8AA}.Release|Any CPU.Build.0 = Release|Any CPU
		{45DD3714-0D99-4011-934F-060F1767A8AA}.Release|x86.ActiveCfg = Release|Any CPU
		{45DD3714-0D99-4011-934F-060F1767A8AA}.Release|x86.Build.0 = Release|Any CPU
		{5C7F7027-5624-4303-9F1F-E22D43FBC21A}.Debug|Any CPU.ActiveCfg = Debug|Any CPU
		{5C7F7027-5624-4303-9F1F-E22D43FBC21A}.Debug|Any CPU.Build.0 = Debug|Any CPU
		{5C7F7027-5624-4303-9F1F-E22D43FBC21A}.Debug|x86.ActiveCfg = Debug|Any CPU
		{5C7F7027-5624-4303-9F1F-E22D43FBC21A}.Debug|x86.Build.0 = Debug|Any CPU
		{5C7F7027-5624-4303-9F1F-E22D43FBC21A}.Release|Any CPU.ActiveCfg = Release|Any CPU
		{5C7F7027-5624-4303-9F1F-E22D43FBC21A}.Release|Any CPU.Build.0 = Release|Any CPU
		{5C7F7027-5624-4303-9F1F-E22D43FBC21A}.Release|x86.ActiveCfg = Release|Any CPU
		{5C7F7027-5624-4303-9F1F-E22D43FBC21A}.Release|x86.Build.0 = Release|Any CPU
		{676444F1-1EB5-41F1-A407-0A1513434868}.Debug|Any CPU.ActiveCfg = Debug|Any CPU
		{676444F1-1EB5-41F1-A407-0A1513434868}.Debug|Any CPU.Build.0 = Debug|Any CPU
		{676444F1-1EB5-41F1-A407-0A1513434868}.Debug|x86.ActiveCfg = Debug|Any CPU
		{676444F1-1EB5-41F1-A407-0A1513434868}.Debug|x86.Build.0 = Debug|Any CPU
		{676444F1-1EB5-41F1-A407-0A1513434868}.Release|Any CPU.ActiveCfg = Release|Any CPU
		{676444F1-1EB5-41F1-A407-0A1513434868}.Release|Any CPU.Build.0 = Release|Any CPU
		{676444F1-1EB5-41F1-A407-0A1513434868}.Release|x86.ActiveCfg = Release|Any CPU
		{676444F1-1EB5-41F1-A407-0A1513434868}.Release|x86.Build.0 = Release|Any CPU
		{3223FE33-D6CF-42BC-876C-7BA605D3502B}.Debug|Any CPU.ActiveCfg = Debug|Any CPU
		{3223FE33-D6CF-42BC-876C-7BA605D3502B}.Debug|Any CPU.Build.0 = Debug|Any CPU
		{3223FE33-D6CF-42BC-876C-7BA605D3502B}.Debug|x86.ActiveCfg = Debug|Any CPU
		{3223FE33-D6CF-42BC-876C-7BA605D3502B}.Debug|x86.Build.0 = Debug|Any CPU
		{3223FE33-D6CF-42BC-876C-7BA605D3502B}.Release|Any CPU.ActiveCfg = Release|Any CPU
		{3223FE33-D6CF-42BC-876C-7BA605D3502B}.Release|Any CPU.Build.0 = Release|Any CPU
		{3223FE33-D6CF-42BC-876C-7BA605D3502B}.Release|x86.ActiveCfg = Release|Any CPU
		{3223FE33-D6CF-42BC-876C-7BA605D3502B}.Release|x86.Build.0 = Release|Any CPU
		{65153439-40B3-4FEA-ABF9-2D9D0799FC24}.Debug|Any CPU.ActiveCfg = Debug|Any CPU
		{65153439-40B3-4FEA-ABF9-2D9D0799FC24}.Debug|Any CPU.Build.0 = Debug|Any CPU
		{65153439-40B3-4FEA-ABF9-2D9D0799FC24}.Debug|x86.ActiveCfg = Debug|Any CPU
		{65153439-40B3-4FEA-ABF9-2D9D0799FC24}.Debug|x86.Build.0 = Debug|Any CPU
		{65153439-40B3-4FEA-ABF9-2D9D0799FC24}.Release|Any CPU.ActiveCfg = Release|Any CPU
		{65153439-40B3-4FEA-ABF9-2D9D0799FC24}.Release|Any CPU.Build.0 = Release|Any CPU
		{65153439-40B3-4FEA-ABF9-2D9D0799FC24}.Release|x86.ActiveCfg = Release|Any CPU
		{65153439-40B3-4FEA-ABF9-2D9D0799FC24}.Release|x86.Build.0 = Release|Any CPU
		{451533B7-BF7F-4F1C-9925-73279982627B}.Debug|Any CPU.ActiveCfg = Debug|Any CPU
		{451533B7-BF7F-4F1C-9925-73279982627B}.Debug|Any CPU.Build.0 = Debug|Any CPU
		{451533B7-BF7F-4F1C-9925-73279982627B}.Debug|x86.ActiveCfg = Debug|Any CPU
		{451533B7-BF7F-4F1C-9925-73279982627B}.Debug|x86.Build.0 = Debug|Any CPU
		{451533B7-BF7F-4F1C-9925-73279982627B}.Release|Any CPU.ActiveCfg = Release|Any CPU
		{451533B7-BF7F-4F1C-9925-73279982627B}.Release|Any CPU.Build.0 = Release|Any CPU
		{451533B7-BF7F-4F1C-9925-73279982627B}.Release|x86.ActiveCfg = Release|Any CPU
		{451533B7-BF7F-4F1C-9925-73279982627B}.Release|x86.Build.0 = Release|Any CPU
		{4D6F2A1E-B259-439E-B8B5-70F6B1B84203}.Debug|Any CPU.ActiveCfg = Debug|Any CPU
		{4D6F2A1E-B259-439E-B8B5-70F6B1B84203}.Debug|Any CPU.Build.0 = Debug|Any CPU
		{4D6F2A1E-B259-439E-B8B5-70F6B1B84203}.Debug|x86.ActiveCfg = Debug|Any CPU
		{4D6F2A1E-B259-439E-B8B5-70F6B1B84203}.Debug|x86.Build.0 = Debug|Any CPU
		{4D6F2A1E-B259-439E-B8B5-70F6B1B84203}.Release|Any CPU.ActiveCfg = Release|Any CPU
		{4D6F2A1E-B259-439E-B8B5-70F6B1B84203}.Release|Any CPU.Build.0 = Release|Any CPU
		{4D6F2A1E-B259-439E-B8B5-70F6B1B84203}.Release|x86.ActiveCfg = Release|Any CPU
		{4D6F2A1E-B259-439E-B8B5-70F6B1B84203}.Release|x86.Build.0 = Release|Any CPU
	EndGlobalSection
	GlobalSection(SolutionProperties) = preSolution
		HideSolutionNode = FALSE
	EndGlobalSection
EndGlobal
